{
  "object": {
    "pins": [
      {
        "package": "IQKeyboardManagerSwift",
        "repositoryURL": "https://github.com/hackiftekhar/IQKeyboardManager",
        "state": {
          "branch": "master",
          "revision": "b6bac3571ac50c9218a0bb5147ec04399ff66b44",
          "version": null
        }
      },
      {
        "package": "SkyFloatingLabelTextField",
        "repositoryURL": "https://github.com/Skyscanner/SkyFloatingLabelTextField",
        "state": {
          "branch": null,
          "revision": "82c0bbbc4e1368901b171292c220690273460f4b",
          "version": "3.8.0"
        }
      },
      {
        "package": "SwiftMessages",
        "repositoryURL": "https://github.com/SwiftKickMobile/SwiftMessages",
        "state": {
          "branch": "master",
          "revision": "1e49de7b3780b69927bc3e61903d8ec0693a3dc5",
          "version": null
        }
      }
    ]
  },
  "version": 1
}
